
Microsoft Visual Studio Solution File, Format Version 12.00
# Visual Studio 15
VisualStudioVersion = 15.0.27130.2036
MinimumVisualStudioVersion = 10.0.40219.1
Project("{F2A71F9B-5D33-465A-A702-920D77279786}") = "LambdaEvaluation", "homework_4\LambdaEvaluation.fsproj", "{55FA0DA0-A903-4AD2-BEBC-A6143B6A9F88}"
EndProject
Project("{F2A71F9B-5D33-465A-A702-920D77279786}") = "LambdaEvaluationTests", "LambdaEvaluationTests\LambdaEvaluationTests.fsproj", "{16BDAAB9-CDE1-4D3D-8C06-234C7E6F5664}"
EndProject
Global
	GlobalSection(SolutionConfigurationPlatforms) = preSolution
		Debug|Any CPU = Debug|Any CPU
		Release|Any CPU = Release|Any CPU
	EndGlobalSection
	GlobalSection(ProjectConfigurationPlatforms) = postSolution
		{55FA0DA0-A903-4AD2-BEBC-A6143B6A9F88}.Debug|Any CPU.ActiveCfg = Debug|Any CPU
		{55FA0DA0-A903-4AD2-BEBC-A6143B6A9F88}.Debug|Any CPU.Build.0 = Debug|Any CPU
		{55FA0DA0-A903-4AD2-BEBC-A6143B6A9F88}.Release|Any CPU.ActiveCfg = Release|Any CPU
		{55FA0DA0-A903-4AD2-BEBC-A6143B6A9F88}.Release|Any CPU.Build.0 = Release|Any CPU
		{16BDAAB9-CDE1-4D3D-8C06-234C7E6F5664}.Debug|Any CPU.ActiveCfg = Debug|Any CPU
		{16BDAAB9-CDE1-4D3D-8C06-234C7E6F5664}.Debug|Any CPU.Build.0 = Debug|Any CPU
		{16BDAAB9-CDE1-4D3D-8C06-234C7E6F5664}.Release|Any CPU.ActiveCfg = Release|Any CPU
		{16BDAAB9-CDE1-4D3D-8C06-234C7E6F5664}.Release|Any CPU.Build.0 = Release|Any CPU
	EndGlobalSection
	GlobalSection(SolutionProperties) = preSolution
		HideSolutionNode = FALSE
	EndGlobalSection
	GlobalSection(ExtensibilityGlobals) = postSolution
		SolutionGuid = {24DABD90-5083-4FF6-96E0-475DC7979A58}
	EndGlobalSection
EndGlobal
