
Microsoft Visual Studio Solution File, Format Version 12.00
# Visual Studio 15
VisualStudioVersion = 15.0.27130.2036
MinimumVisualStudioVersion = 10.0.40219.1
Project("{F2A71F9B-5D33-465A-A702-920D77279786}") = "Task1Update", "Test1\Task1Update.fsproj", "{86A55BC0-DC4E-4BDE-9EA5-FFFDAB1EFDCA}"
EndProject
Project("{F2A71F9B-5D33-465A-A702-920D77279786}") = "Task1TestsUpdate", "Tests\Task1TestsUpdate.fsproj", "{1D492ABD-0736-49BB-B9EF-5AC1BD577A77}"
EndProject
Global
	GlobalSection(SolutionConfigurationPlatforms) = preSolution
		Debug|Any CPU = Debug|Any CPU
		Release|Any CPU = Release|Any CPU
	EndGlobalSection
	GlobalSection(ProjectConfigurationPlatforms) = postSolution
		{86A55BC0-DC4E-4BDE-9EA5-FFFDAB1EFDCA}.Debug|Any CPU.ActiveCfg = Debug|Any CPU
		{86A55BC0-DC4E-4BDE-9EA5-FFFDAB1EFDCA}.Debug|Any CPU.Build.0 = Debug|Any CPU
		{86A55BC0-DC4E-4BDE-9EA5-FFFDAB1EFDCA}.Release|Any CPU.ActiveCfg = Release|Any CPU
		{86A55BC0-DC4E-4BDE-9EA5-FFFDAB1EFDCA}.Release|Any CPU.Build.0 = Release|Any CPU
		{1D492ABD-0736-49BB-B9EF-5AC1BD577A77}.Debug|Any CPU.ActiveCfg = Debug|Any CPU
		{1D492ABD-0736-49BB-B9EF-5AC1BD577A77}.Debug|Any CPU.Build.0 = Debug|Any CPU
		{1D492ABD-0736-49BB-B9EF-5AC1BD577A77}.Release|Any CPU.ActiveCfg = Release|Any CPU
		{1D492ABD-0736-49BB-B9EF-5AC1BD577A77}.Release|Any CPU.Build.0 = Release|Any CPU
	EndGlobalSection
	GlobalSection(SolutionProperties) = preSolution
		HideSolutionNode = FALSE
	EndGlobalSection
	GlobalSection(ExtensibilityGlobals) = postSolution
		SolutionGuid = {907BCCA8-58B0-446A-83BD-7EE4B74E42D7}
	EndGlobalSection
EndGlobal
