
Microsoft Visual Studio Solution File, Format Version 12.00
# Visual Studio 15
VisualStudioVersion = 15.0.27130.2036
MinimumVisualStudioVersion = 10.0.40219.1
Project("{F2A71F9B-5D33-465A-A702-920D77279786}") = "Network", "Network\Network.fsproj", "{22B7E093-9217-40D6-B549-E6C905FE6883}"
EndProject
Project("{F2A71F9B-5D33-465A-A702-920D77279786}") = "NetworkTests", "NetworkTests\NetworkTests.fsproj", "{8419297A-532C-4981-857F-B475C7333E52}"
EndProject
Global
	GlobalSection(SolutionConfigurationPlatforms) = preSolution
		Debug|Any CPU = Debug|Any CPU
		Release|Any CPU = Release|Any CPU
	EndGlobalSection
	GlobalSection(ProjectConfigurationPlatforms) = postSolution
		{22B7E093-9217-40D6-B549-E6C905FE6883}.Debug|Any CPU.ActiveCfg = Debug|Any CPU
		{22B7E093-9217-40D6-B549-E6C905FE6883}.Debug|Any CPU.Build.0 = Debug|Any CPU
		{22B7E093-9217-40D6-B549-E6C905FE6883}.Release|Any CPU.ActiveCfg = Release|Any CPU
		{22B7E093-9217-40D6-B549-E6C905FE6883}.Release|Any CPU.Build.0 = Release|Any CPU
		{8419297A-532C-4981-857F-B475C7333E52}.Debug|Any CPU.ActiveCfg = Debug|Any CPU
		{8419297A-532C-4981-857F-B475C7333E52}.Debug|Any CPU.Build.0 = Debug|Any CPU
		{8419297A-532C-4981-857F-B475C7333E52}.Release|Any CPU.ActiveCfg = Release|Any CPU
		{8419297A-532C-4981-857F-B475C7333E52}.Release|Any CPU.Build.0 = Release|Any CPU
	EndGlobalSection
	GlobalSection(SolutionProperties) = preSolution
		HideSolutionNode = FALSE
	EndGlobalSection
	GlobalSection(ExtensibilityGlobals) = postSolution
		SolutionGuid = {C8F04DDD-DC32-4044-8C92-C2A647FF5094}
	EndGlobalSection
EndGlobal
