
Microsoft Visual Studio Solution File, Format Version 12.00
# Visual Studio 15
VisualStudioVersion = 15.0.27130.2036
MinimumVisualStudioVersion = 10.0.40219.1
Project("{F2A71F9B-5D33-465A-A702-920D77279786}") = "PointFree", "PointFree\PointFree.fsproj", "{75B93666-A8E8-47F3-901A-299524C12862}"
EndProject
Project("{F2A71F9B-5D33-465A-A702-920D77279786}") = "PointFreeTests", "PointFreeTests\PointFreeTests.fsproj", "{0AF011C3-C28B-4670-A521-1C46E5F94CE7}"
EndProject
Global
	GlobalSection(SolutionConfigurationPlatforms) = preSolution
		Debug|Any CPU = Debug|Any CPU
		Release|Any CPU = Release|Any CPU
	EndGlobalSection
	GlobalSection(ProjectConfigurationPlatforms) = postSolution
		{75B93666-A8E8-47F3-901A-299524C12862}.Debug|Any CPU.ActiveCfg = Debug|Any CPU
		{75B93666-A8E8-47F3-901A-299524C12862}.Debug|Any CPU.Build.0 = Debug|Any CPU
		{75B93666-A8E8-47F3-901A-299524C12862}.Release|Any CPU.ActiveCfg = Release|Any CPU
		{75B93666-A8E8-47F3-901A-299524C12862}.Release|Any CPU.Build.0 = Release|Any CPU
		{0AF011C3-C28B-4670-A521-1C46E5F94CE7}.Debug|Any CPU.ActiveCfg = Debug|Any CPU
		{0AF011C3-C28B-4670-A521-1C46E5F94CE7}.Debug|Any CPU.Build.0 = Debug|Any CPU
		{0AF011C3-C28B-4670-A521-1C46E5F94CE7}.Release|Any CPU.ActiveCfg = Release|Any CPU
		{0AF011C3-C28B-4670-A521-1C46E5F94CE7}.Release|Any CPU.Build.0 = Release|Any CPU
	EndGlobalSection
	GlobalSection(SolutionProperties) = preSolution
		HideSolutionNode = FALSE
	EndGlobalSection
	GlobalSection(ExtensibilityGlobals) = postSolution
		SolutionGuid = {815A008A-EB2B-457D-BE5D-000C6DC4382E}
	EndGlobalSection
EndGlobal
