
Microsoft Visual Studio Solution File, Format Version 12.00
# Visual Studio 15
VisualStudioVersion = 15.0.27130.2036
MinimumVisualStudioVersion = 10.0.40219.1
Project("{F2A71F9B-5D33-465A-A702-920D77279786}") = "Phonebook", "Phonebook\Phonebook.fsproj", "{AB6A8931-A382-439E-A2C7-F6EAB1EB8B0D}"
EndProject
Project("{F2A71F9B-5D33-465A-A702-920D77279786}") = "PhonebookTests", "PhonebookTests\PhonebookTests.fsproj", "{6F0BAE14-E66E-437E-8DF3-8E4DED960206}"
EndProject
Global
	GlobalSection(SolutionConfigurationPlatforms) = preSolution
		Debug|Any CPU = Debug|Any CPU
		Release|Any CPU = Release|Any CPU
	EndGlobalSection
	GlobalSection(ProjectConfigurationPlatforms) = postSolution
		{AB6A8931-A382-439E-A2C7-F6EAB1EB8B0D}.Debug|Any CPU.ActiveCfg = Debug|Any CPU
		{AB6A8931-A382-439E-A2C7-F6EAB1EB8B0D}.Debug|Any CPU.Build.0 = Debug|Any CPU
		{AB6A8931-A382-439E-A2C7-F6EAB1EB8B0D}.Release|Any CPU.ActiveCfg = Release|Any CPU
		{AB6A8931-A382-439E-A2C7-F6EAB1EB8B0D}.Release|Any CPU.Build.0 = Release|Any CPU
		{6F0BAE14-E66E-437E-8DF3-8E4DED960206}.Debug|Any CPU.ActiveCfg = Debug|Any CPU
		{6F0BAE14-E66E-437E-8DF3-8E4DED960206}.Debug|Any CPU.Build.0 = Debug|Any CPU
		{6F0BAE14-E66E-437E-8DF3-8E4DED960206}.Release|Any CPU.ActiveCfg = Release|Any CPU
		{6F0BAE14-E66E-437E-8DF3-8E4DED960206}.Release|Any CPU.Build.0 = Release|Any CPU
	EndGlobalSection
	GlobalSection(SolutionProperties) = preSolution
		HideSolutionNode = FALSE
	EndGlobalSection
	GlobalSection(ExtensibilityGlobals) = postSolution
		SolutionGuid = {9381956E-1620-44BC-9798-54AFACAAD5C2}
	EndGlobalSection
EndGlobal
